
Microsoft Visual Studio Solution File, Format Version 12.00
# Visual Studio Version 17
VisualStudioVersion = 17.11.35222.181
MinimumVisualStudioVersion = 10.0.40219.1
Project("{FAE04EC0-301F-11D3-BF4B-00C04F79EFBC}") = "MasonMelting", "MasonMelting\MasonMelting.csproj", "{93AFCC4C-9855-4C43-8D63-D3D07887B207}"
EndProject
Global
	GlobalSection(SolutionConfigurationPlatforms) = preSolution
		Debug|Any CPU = Debug|Any CPU
		Release|Any CPU = Release|Any CPU
	EndGlobalSection
	GlobalSection(ProjectConfigurationPlatforms) = postSolution
		{93AFCC4C-9855-4C43-8D63-D3D07887B207}.Debug|Any CPU.ActiveCfg = Debug|Any CPU
		{93AFCC4C-9855-4C43-8D63-D3D07887B207}.Debug|Any CPU.Build.0 = Debug|Any CPU
		{93AFCC4C-9855-4C43-8D63-D3D07887B207}.Release|Any CPU.ActiveCfg = Release|Any CPU
		{93AFCC4C-9855-4C43-8D63-D3D07887B207}.Release|Any CPU.Build.0 = Release|Any CPU
	EndGlobalSection
	GlobalSection(SolutionProperties) = preSolution
		HideSolutionNode = FALSE
	EndGlobalSection
	GlobalSection(ExtensibilityGlobals) = postSolution
		SolutionGuid = {6D81BAD3-8B40-4FD6-85B4-4954C1DBCEBF}
	EndGlobalSection
EndGlobal
